
Microsoft Visual Studio Solution File, Format Version 12.00
# Visual Studio 2012
Project("{2150E333-8FDC-42A3-9474-1A3956D46DE8}") = "Entrances", "Entrances", "{795CF3E3-EF04-4570-BBDB-FBCACEBB0EB0}"
EndProject
Project("{FAE04EC0-301F-11D3-BF4B-00C04F79EFBC}") = "Entrances.Prompt", "Entrances.Prompt\Entrances.Prompt.csproj", "{D01BC000-23E1-46B1-B756-FEDA8360322A}"
EndProject
Project("{2150E333-8FDC-42A3-9474-1A3956D46DE8}") = "Frameworks", "Frameworks", "{1F6365A7-6FC5-4871-A5F9-9C48DC28C09C}"
EndProject
Project("{FAE04EC0-301F-11D3-BF4B-00C04F79EFBC}") = "Frameworks.Exceptions", "Frameworks.Exceptions\Frameworks.Exceptions.csproj", "{BD47A4B2-1978-4F5D-AF1E-06BD04DCC894}"
EndProject
Project("{FAE04EC0-301F-11D3-BF4B-00C04F79EFBC}") = "Frameworks.Logging", "Frameworks.Logging\Frameworks.Logging.csproj", "{C075F7E0-9E5C-40EA-B0EB-4734088BB808}"
EndProject
Project("{2150E333-8FDC-42A3-9474-1A3956D46DE8}") = "Robots", "Robots", "{CF45BAB0-633D-4BED-A83A-6427C6F61E80}"
EndProject
Project("{2150E333-8FDC-42A3-9474-1A3956D46DE8}") = "UnitTests", "UnitTests", "{991FAAB5-0A19-45C3-A710-317CE85D4076}"
EndProject
Project("{FAE04EC0-301F-11D3-BF4B-00C04F79EFBC}") = "Robots.Models", "Robots.Models\Robots.Models.csproj", "{C9D6A7BA-E04E-44FC-8D64-90F1CFA15FCC}"
EndProject
Project("{FAE04EC0-301F-11D3-BF4B-00C04F79EFBC}") = "Robots.Common", "Robots.Common\Robots.Common.csproj", "{09C4D7CB-0F18-4E9A-86CC-D80AA09C788E}"
EndProject
Project("{FAE04EC0-301F-11D3-BF4B-00C04F79EFBC}") = "Robots.Surfaces", "Robots.Surfaces\Robots.Surfaces.csproj", "{86303C11-160C-4AA8-B4A6-C0C6AA2461C3}"
EndProject
Project("{FAE04EC0-301F-11D3-BF4B-00C04F79EFBC}") = "Robots.Actions", "Robots.Actions\Robots.Actions.csproj", "{E5B6C004-C91E-419B-9735-29C3DB261418}"
EndProject
Project("{FAE04EC0-301F-11D3-BF4B-00C04F79EFBC}") = "Robots.Commands", "Robots.Commands\Robots.Commands.csproj", "{A8EF3EAD-AFC8-479E-9D98-868D2D1A7EB0}"
EndProject
Project("{FAE04EC0-301F-11D3-BF4B-00C04F79EFBC}") = "Robots.Responses", "Robots.Responses\Robots.Responses.csproj", "{CE54F83C-DEDF-4B71-8017-F4AD2E563809}"
EndProject
Global
	GlobalSection(SolutionConfigurationPlatforms) = preSolution
		Debug|Any CPU = Debug|Any CPU
		Release|Any CPU = Release|Any CPU
	EndGlobalSection
	GlobalSection(ProjectConfigurationPlatforms) = postSolution
		{D01BC000-23E1-46B1-B756-FEDA8360322A}.Debug|Any CPU.ActiveCfg = Debug|Any CPU
		{D01BC000-23E1-46B1-B756-FEDA8360322A}.Debug|Any CPU.Build.0 = Debug|Any CPU
		{D01BC000-23E1-46B1-B756-FEDA8360322A}.Release|Any CPU.ActiveCfg = Release|Any CPU
		{D01BC000-23E1-46B1-B756-FEDA8360322A}.Release|Any CPU.Build.0 = Release|Any CPU
		{BD47A4B2-1978-4F5D-AF1E-06BD04DCC894}.Debug|Any CPU.ActiveCfg = Debug|Any CPU
		{BD47A4B2-1978-4F5D-AF1E-06BD04DCC894}.Debug|Any CPU.Build.0 = Debug|Any CPU
		{BD47A4B2-1978-4F5D-AF1E-06BD04DCC894}.Release|Any CPU.ActiveCfg = Release|Any CPU
		{BD47A4B2-1978-4F5D-AF1E-06BD04DCC894}.Release|Any CPU.Build.0 = Release|Any CPU
		{C075F7E0-9E5C-40EA-B0EB-4734088BB808}.Debug|Any CPU.ActiveCfg = Debug|Any CPU
		{C075F7E0-9E5C-40EA-B0EB-4734088BB808}.Debug|Any CPU.Build.0 = Debug|Any CPU
		{C075F7E0-9E5C-40EA-B0EB-4734088BB808}.Release|Any CPU.ActiveCfg = Release|Any CPU
		{C075F7E0-9E5C-40EA-B0EB-4734088BB808}.Release|Any CPU.Build.0 = Release|Any CPU
		{C9D6A7BA-E04E-44FC-8D64-90F1CFA15FCC}.Debug|Any CPU.ActiveCfg = Debug|Any CPU
		{C9D6A7BA-E04E-44FC-8D64-90F1CFA15FCC}.Debug|Any CPU.Build.0 = Debug|Any CPU
		{C9D6A7BA-E04E-44FC-8D64-90F1CFA15FCC}.Release|Any CPU.ActiveCfg = Release|Any CPU
		{C9D6A7BA-E04E-44FC-8D64-90F1CFA15FCC}.Release|Any CPU.Build.0 = Release|Any CPU
		{09C4D7CB-0F18-4E9A-86CC-D80AA09C788E}.Debug|Any CPU.ActiveCfg = Debug|Any CPU
		{09C4D7CB-0F18-4E9A-86CC-D80AA09C788E}.Debug|Any CPU.Build.0 = Debug|Any CPU
		{09C4D7CB-0F18-4E9A-86CC-D80AA09C788E}.Release|Any CPU.ActiveCfg = Release|Any CPU
		{09C4D7CB-0F18-4E9A-86CC-D80AA09C788E}.Release|Any CPU.Build.0 = Release|Any CPU
		{86303C11-160C-4AA8-B4A6-C0C6AA2461C3}.Debug|Any CPU.ActiveCfg = Debug|Any CPU
		{86303C11-160C-4AA8-B4A6-C0C6AA2461C3}.Debug|Any CPU.Build.0 = Debug|Any CPU
		{86303C11-160C-4AA8-B4A6-C0C6AA2461C3}.Release|Any CPU.ActiveCfg = Release|Any CPU
		{86303C11-160C-4AA8-B4A6-C0C6AA2461C3}.Release|Any CPU.Build.0 = Release|Any CPU
		{E5B6C004-C91E-419B-9735-29C3DB261418}.Debug|Any CPU.ActiveCfg = Debug|Any CPU
		{E5B6C004-C91E-419B-9735-29C3DB261418}.Debug|Any CPU.Build.0 = Debug|Any CPU
		{E5B6C004-C91E-419B-9735-29C3DB261418}.Release|Any CPU.ActiveCfg = Release|Any CPU
		{E5B6C004-C91E-419B-9735-29C3DB261418}.Release|Any CPU.Build.0 = Release|Any CPU
		{A8EF3EAD-AFC8-479E-9D98-868D2D1A7EB0}.Debug|Any CPU.ActiveCfg = Debug|Any CPU
		{A8EF3EAD-AFC8-479E-9D98-868D2D1A7EB0}.Debug|Any CPU.Build.0 = Debug|Any CPU
		{A8EF3EAD-AFC8-479E-9D98-868D2D1A7EB0}.Release|Any CPU.ActiveCfg = Release|Any CPU
		{A8EF3EAD-AFC8-479E-9D98-868D2D1A7EB0}.Release|Any CPU.Build.0 = Release|Any CPU
		{CE54F83C-DEDF-4B71-8017-F4AD2E563809}.Debug|Any CPU.ActiveCfg = Debug|Any CPU
		{CE54F83C-DEDF-4B71-8017-F4AD2E563809}.Debug|Any CPU.Build.0 = Debug|Any CPU
		{CE54F83C-DEDF-4B71-8017-F4AD2E563809}.Release|Any CPU.ActiveCfg = Release|Any CPU
		{CE54F83C-DEDF-4B71-8017-F4AD2E563809}.Release|Any CPU.Build.0 = Release|Any CPU
	EndGlobalSection
	GlobalSection(NestedProjects) = preSolution
		{D01BC000-23E1-46B1-B756-FEDA8360322A} = {795CF3E3-EF04-4570-BBDB-FBCACEBB0EB0}
		{BD47A4B2-1978-4F5D-AF1E-06BD04DCC894} = {1F6365A7-6FC5-4871-A5F9-9C48DC28C09C}
		{C075F7E0-9E5C-40EA-B0EB-4734088BB808} = {1F6365A7-6FC5-4871-A5F9-9C48DC28C09C}
		{C9D6A7BA-E04E-44FC-8D64-90F1CFA15FCC} = {CF45BAB0-633D-4BED-A83A-6427C6F61E80}
		{09C4D7CB-0F18-4E9A-86CC-D80AA09C788E} = {CF45BAB0-633D-4BED-A83A-6427C6F61E80}
		{86303C11-160C-4AA8-B4A6-C0C6AA2461C3} = {CF45BAB0-633D-4BED-A83A-6427C6F61E80}
		{E5B6C004-C91E-419B-9735-29C3DB261418} = {CF45BAB0-633D-4BED-A83A-6427C6F61E80}
		{A8EF3EAD-AFC8-479E-9D98-868D2D1A7EB0} = {CF45BAB0-633D-4BED-A83A-6427C6F61E80}
		{CE54F83C-DEDF-4B71-8017-F4AD2E563809} = {CF45BAB0-633D-4BED-A83A-6427C6F61E80}
	EndGlobalSection
EndGlobal
